
Microsoft Visual Studio Solution File, Format Version 12.00
# Visual Studio Version 17
VisualStudioVersion = 17.8.34511.84
MinimumVisualStudioVersion = 10.0.40219.1
Project("{9A19103F-16F7-4668-BE54-9A1E7A4F7556}") = "P12", "P12\P12.csproj", "{919A878F-7315-4E98-9C93-6C1DA61BFA74}"
EndProject
Project("{9A19103F-16F7-4668-BE54-9A1E7A4F7556}") = "ConsoleApp1", "ConsoleApp1\ConsoleApp1.csproj", "{4621E7B9-8E3B-4B5B-A829-F754D09CA930}"
EndProject
Project("{FAE04EC0-301F-11D3-BF4B-00C04F79EFBC}") = "DataSetDemo", "DataSetDemo\DataSetDemo.csproj", "{7E6BCFE5-E6FA-48DE-9E52-5F436CF306EB}"
EndProject
Project("{9A19103F-16F7-4668-BE54-9A1E7A4F7556}") = "Cafe.Models", "Cafe.Models\Cafe.Models.csproj", "{1C1ACAD6-D510-4ED2-B808-9609B6D1CFA8}"
EndProject
Project("{9A19103F-16F7-4668-BE54-9A1E7A4F7556}") = "Cafe", "Cafe\Cafe.csproj", "{A644B736-4F35-4E4C-9B23-06B2E2F17888}"
EndProject
Project("{2150E333-8FDC-42A3-9474-1A3956D46DE8}") = "Solution Items", "Solution Items", "{A5ECD04B-892F-4ECF-A6B7-7426BEF79397}"
	ProjectSection(SolutionItems) = preProject
		HomeWorkCafe1.md = HomeWorkCafe1.md
		HomeWorkCafe2.md = HomeWorkCafe2.md
		HomeWorkCafe2.txt = HomeWorkCafe2.txt
	EndProjectSection
EndProject
Project("{9A19103F-16F7-4668-BE54-9A1E7A4F7556}") = "Cafe.DbContext", "Cafe.DbContext\Cafe.DbContext.csproj", "{EDA068F3-CDB7-4190-9995-398E54E88CA2}"
EndProject
Project("{9A19103F-16F7-4668-BE54-9A1E7A4F7556}") = "Cafe.DbContext.SQLIte", "Cafe.DbContext.SQLIte\Cafe.DbContext.SQLIte.csproj", "{56341B54-4460-40D0-8738-5B9A5D568935}"
EndProject
Project("{9A19103F-16F7-4668-BE54-9A1E7A4F7556}") = "Cafe.DbContext.MySQL", "Cafe.DbContext.MySQL\Cafe.DbContext.MySQL.csproj", "{C4A117CE-C9CA-4E4B-8CD3-7D0C2C959377}"
EndProject
Project("{2150E333-8FDC-42A3-9474-1A3956D46DE8}") = "SystemProg", "SystemProg", "{B8AACA2D-DF27-4A10-BF89-6CB9A594BEC1}"
EndProject
Project("{9A19103F-16F7-4668-BE54-9A1E7A4F7556}") = "ProcessDemo", "ProcessDemo\ProcessDemo.csproj", "{CFBA0525-78DC-4DFD-8AA8-C9BDE09EAEA1}"
EndProject
Project("{9A19103F-16F7-4668-BE54-9A1E7A4F7556}") = "CalcProcessDemo", "CalcProcessDemo\CalcProcessDemo.csproj", "{41EF5817-FE70-4591-8840-F35193621EA6}"
EndProject
Project("{9A19103F-16F7-4668-BE54-9A1E7A4F7556}") = "DllImportDemo", "DllImportDemo\DllImportDemo.csproj", "{FB9D0B83-84C7-4EF7-9A48-C34DB4564AE9}"
EndProject
Project("{9A19103F-16F7-4668-BE54-9A1E7A4F7556}") = "DemoThread", "DemoThread\DemoThread.csproj", "{5A57A83F-6456-4268-9C64-74D446D54A17}"
EndProject
Project("{9A19103F-16F7-4668-BE54-9A1E7A4F7556}") = "MatrixThreadCalc", "MatrixThreadCalc\MatrixThreadCalc.csproj", "{04F20493-BAD8-49BF-AD69-0B7587ECDBBE}"
EndProject
Project("{9A19103F-16F7-4668-BE54-9A1E7A4F7556}") = "TaskDemo", "TaskDemo\TaskDemo.csproj", "{BB81B1B7-EA42-4EEA-8565-C3613FD2965E}"
EndProject
Project("{9A19103F-16F7-4668-BE54-9A1E7A4F7556}") = "MonitorDemo", "MonitorDemo\MonitorDemo.csproj", "{485340A6-9226-42D3-9573-DE66A3F5B316}"
EndProject
Project("{9A19103F-16F7-4668-BE54-9A1E7A4F7556}") = "DeadLocDemo", "DeadLocDemo\DeadLocDemo.csproj", "{AE54996E-EEC9-47CC-B234-4292165B4239}"
EndProject
Project("{9A19103F-16F7-4668-BE54-9A1E7A4F7556}") = "ConsoleAppAOT", "ConsoleAppAOT\ConsoleAppAOT.csproj", "{89A5711A-4AB5-4907-A708-78BEF25F9B56}"
EndProject
Project("{9A19103F-16F7-4668-BE54-9A1E7A4F7556}") = "SemaphoreDemo", "SemaphoreDemo\SemaphoreDemo.csproj", "{006F23C1-3B81-42EC-864C-36446874E60A}"
EndProject
Project("{9A19103F-16F7-4668-BE54-9A1E7A4F7556}") = "ConsoleApp2", "ConsoleApp2\ConsoleApp2.csproj", "{8B9E2784-8339-475E-8C0D-D40C04E82B94}"
EndProject
Project("{9A19103F-16F7-4668-BE54-9A1E7A4F7556}") = "WpfMatrixDemo", "WpfMatrixDemo\WpfMatrixDemo.csproj", "{5C7E4AD9-6196-467E-BCD0-1F221CAD6B2B}"
EndProject
Project("{9A19103F-16F7-4668-BE54-9A1E7A4F7556}") = "SocketDemo", "NETPrograming\SocketDemo\SocketDemo.csproj", "{3F412200-66B1-4846-BDA7-91E7C6A7DF61}"
EndProject
Project("{9A19103F-16F7-4668-BE54-9A1E7A4F7556}") = "SocketListnerDemo", "SocketListnerDemo\SocketListnerDemo.csproj", "{9D4B7479-2CEB-496A-803D-C2C24458AA0A}"
EndProject
Project("{9A19103F-16F7-4668-BE54-9A1E7A4F7556}") = "TCPListnerDemo", "TCPListnerDemo\TCPListnerDemo.csproj", "{2877EB66-F98C-426F-89E4-5BD39291F14A}"
EndProject
Project("{FAE04EC0-301F-11D3-BF4B-00C04F79EFBC}") = "UDPDemo", "UDPDemo\UDPDemo.csproj", "{CC1D303B-8D62-4B25-AA4C-DD8122F226BC}"
EndProject
Global
	GlobalSection(SolutionConfigurationPlatforms) = preSolution
		Debug|Any CPU = Debug|Any CPU
		Release|Any CPU = Release|Any CPU
	EndGlobalSection
	GlobalSection(ProjectConfigurationPlatforms) = postSolution
		{919A878F-7315-4E98-9C93-6C1DA61BFA74}.Debug|Any CPU.ActiveCfg = Debug|Any CPU
		{919A878F-7315-4E98-9C93-6C1DA61BFA74}.Debug|Any CPU.Build.0 = Debug|Any CPU
		{919A878F-7315-4E98-9C93-6C1DA61BFA74}.Release|Any CPU.ActiveCfg = Release|Any CPU
		{919A878F-7315-4E98-9C93-6C1DA61BFA74}.Release|Any CPU.Build.0 = Release|Any CPU
		{4621E7B9-8E3B-4B5B-A829-F754D09CA930}.Debug|Any CPU.ActiveCfg = Debug|Any CPU
		{4621E7B9-8E3B-4B5B-A829-F754D09CA930}.Debug|Any CPU.Build.0 = Debug|Any CPU
		{4621E7B9-8E3B-4B5B-A829-F754D09CA930}.Release|Any CPU.ActiveCfg = Release|Any CPU
		{4621E7B9-8E3B-4B5B-A829-F754D09CA930}.Release|Any CPU.Build.0 = Release|Any CPU
		{7E6BCFE5-E6FA-48DE-9E52-5F436CF306EB}.Debug|Any CPU.ActiveCfg = Debug|Any CPU
		{7E6BCFE5-E6FA-48DE-9E52-5F436CF306EB}.Debug|Any CPU.Build.0 = Debug|Any CPU
		{7E6BCFE5-E6FA-48DE-9E52-5F436CF306EB}.Release|Any CPU.ActiveCfg = Release|Any CPU
		{7E6BCFE5-E6FA-48DE-9E52-5F436CF306EB}.Release|Any CPU.Build.0 = Release|Any CPU
		{1C1ACAD6-D510-4ED2-B808-9609B6D1CFA8}.Debug|Any CPU.ActiveCfg = Debug|Any CPU
		{1C1ACAD6-D510-4ED2-B808-9609B6D1CFA8}.Debug|Any CPU.Build.0 = Debug|Any CPU
		{1C1ACAD6-D510-4ED2-B808-9609B6D1CFA8}.Release|Any CPU.ActiveCfg = Release|Any CPU
		{1C1ACAD6-D510-4ED2-B808-9609B6D1CFA8}.Release|Any CPU.Build.0 = Release|Any CPU
		{A644B736-4F35-4E4C-9B23-06B2E2F17888}.Debug|Any CPU.ActiveCfg = Debug|Any CPU
		{A644B736-4F35-4E4C-9B23-06B2E2F17888}.Debug|Any CPU.Build.0 = Debug|Any CPU
		{A644B736-4F35-4E4C-9B23-06B2E2F17888}.Release|Any CPU.ActiveCfg = Release|Any CPU
		{A644B736-4F35-4E4C-9B23-06B2E2F17888}.Release|Any CPU.Build.0 = Release|Any CPU
		{EDA068F3-CDB7-4190-9995-398E54E88CA2}.Debug|Any CPU.ActiveCfg = Debug|Any CPU
		{EDA068F3-CDB7-4190-9995-398E54E88CA2}.Debug|Any CPU.Build.0 = Debug|Any CPU
		{EDA068F3-CDB7-4190-9995-398E54E88CA2}.Release|Any CPU.ActiveCfg = Release|Any CPU
		{EDA068F3-CDB7-4190-9995-398E54E88CA2}.Release|Any CPU.Build.0 = Release|Any CPU
		{56341B54-4460-40D0-8738-5B9A5D568935}.Debug|Any CPU.ActiveCfg = Debug|Any CPU
		{56341B54-4460-40D0-8738-5B9A5D568935}.Debug|Any CPU.Build.0 = Debug|Any CPU
		{56341B54-4460-40D0-8738-5B9A5D568935}.Release|Any CPU.ActiveCfg = Release|Any CPU
		{56341B54-4460-40D0-8738-5B9A5D568935}.Release|Any CPU.Build.0 = Release|Any CPU
		{C4A117CE-C9CA-4E4B-8CD3-7D0C2C959377}.Debug|Any CPU.ActiveCfg = Debug|Any CPU
		{C4A117CE-C9CA-4E4B-8CD3-7D0C2C959377}.Debug|Any CPU.Build.0 = Debug|Any CPU
		{C4A117CE-C9CA-4E4B-8CD3-7D0C2C959377}.Release|Any CPU.ActiveCfg = Release|Any CPU
		{C4A117CE-C9CA-4E4B-8CD3-7D0C2C959377}.Release|Any CPU.Build.0 = Release|Any CPU
		{CFBA0525-78DC-4DFD-8AA8-C9BDE09EAEA1}.Debug|Any CPU.ActiveCfg = Debug|Any CPU
		{CFBA0525-78DC-4DFD-8AA8-C9BDE09EAEA1}.Debug|Any CPU.Build.0 = Debug|Any CPU
		{CFBA0525-78DC-4DFD-8AA8-C9BDE09EAEA1}.Release|Any CPU.ActiveCfg = Release|Any CPU
		{CFBA0525-78DC-4DFD-8AA8-C9BDE09EAEA1}.Release|Any CPU.Build.0 = Release|Any CPU
		{41EF5817-FE70-4591-8840-F35193621EA6}.Debug|Any CPU.ActiveCfg = Debug|Any CPU
		{41EF5817-FE70-4591-8840-F35193621EA6}.Debug|Any CPU.Build.0 = Debug|Any CPU
		{41EF5817-FE70-4591-8840-F35193621EA6}.Release|Any CPU.ActiveCfg = Release|Any CPU
		{41EF5817-FE70-4591-8840-F35193621EA6}.Release|Any CPU.Build.0 = Release|Any CPU
		{FB9D0B83-84C7-4EF7-9A48-C34DB4564AE9}.Debug|Any CPU.ActiveCfg = Debug|Any CPU
		{FB9D0B83-84C7-4EF7-9A48-C34DB4564AE9}.Debug|Any CPU.Build.0 = Debug|Any CPU
		{FB9D0B83-84C7-4EF7-9A48-C34DB4564AE9}.Release|Any CPU.ActiveCfg = Release|Any CPU
		{FB9D0B83-84C7-4EF7-9A48-C34DB4564AE9}.Release|Any CPU.Build.0 = Release|Any CPU
		{5A57A83F-6456-4268-9C64-74D446D54A17}.Debug|Any CPU.ActiveCfg = Debug|Any CPU
		{5A57A83F-6456-4268-9C64-74D446D54A17}.Debug|Any CPU.Build.0 = Debug|Any CPU
		{5A57A83F-6456-4268-9C64-74D446D54A17}.Release|Any CPU.ActiveCfg = Release|Any CPU
		{5A57A83F-6456-4268-9C64-74D446D54A17}.Release|Any CPU.Build.0 = Release|Any CPU
		{04F20493-BAD8-49BF-AD69-0B7587ECDBBE}.Debug|Any CPU.ActiveCfg = Debug|Any CPU
		{04F20493-BAD8-49BF-AD69-0B7587ECDBBE}.Debug|Any CPU.Build.0 = Debug|Any CPU
		{04F20493-BAD8-49BF-AD69-0B7587ECDBBE}.Release|Any CPU.ActiveCfg = Release|Any CPU
		{04F20493-BAD8-49BF-AD69-0B7587ECDBBE}.Release|Any CPU.Build.0 = Release|Any CPU
		{BB81B1B7-EA42-4EEA-8565-C3613FD2965E}.Debug|Any CPU.ActiveCfg = Debug|Any CPU
		{BB81B1B7-EA42-4EEA-8565-C3613FD2965E}.Debug|Any CPU.Build.0 = Debug|Any CPU
		{BB81B1B7-EA42-4EEA-8565-C3613FD2965E}.Release|Any CPU.ActiveCfg = Release|Any CPU
		{BB81B1B7-EA42-4EEA-8565-C3613FD2965E}.Release|Any CPU.Build.0 = Release|Any CPU
		{485340A6-9226-42D3-9573-DE66A3F5B316}.Debug|Any CPU.ActiveCfg = Debug|Any CPU
		{485340A6-9226-42D3-9573-DE66A3F5B316}.Debug|Any CPU.Build.0 = Debug|Any CPU
		{485340A6-9226-42D3-9573-DE66A3F5B316}.Release|Any CPU.ActiveCfg = Release|Any CPU
		{485340A6-9226-42D3-9573-DE66A3F5B316}.Release|Any CPU.Build.0 = Release|Any CPU
		{AE54996E-EEC9-47CC-B234-4292165B4239}.Debug|Any CPU.ActiveCfg = Debug|Any CPU
		{AE54996E-EEC9-47CC-B234-4292165B4239}.Debug|Any CPU.Build.0 = Debug|Any CPU
		{AE54996E-EEC9-47CC-B234-4292165B4239}.Release|Any CPU.ActiveCfg = Release|Any CPU
		{AE54996E-EEC9-47CC-B234-4292165B4239}.Release|Any CPU.Build.0 = Release|Any CPU
		{89A5711A-4AB5-4907-A708-78BEF25F9B56}.Debug|Any CPU.ActiveCfg = Debug|Any CPU
		{89A5711A-4AB5-4907-A708-78BEF25F9B56}.Debug|Any CPU.Build.0 = Debug|Any CPU
		{89A5711A-4AB5-4907-A708-78BEF25F9B56}.Release|Any CPU.ActiveCfg = Release|Any CPU
		{89A5711A-4AB5-4907-A708-78BEF25F9B56}.Release|Any CPU.Build.0 = Release|Any CPU
		{006F23C1-3B81-42EC-864C-36446874E60A}.Debug|Any CPU.ActiveCfg = Debug|Any CPU
		{006F23C1-3B81-42EC-864C-36446874E60A}.Debug|Any CPU.Build.0 = Debug|Any CPU
		{006F23C1-3B81-42EC-864C-36446874E60A}.Release|Any CPU.ActiveCfg = Release|Any CPU
		{006F23C1-3B81-42EC-864C-36446874E60A}.Release|Any CPU.Build.0 = Release|Any CPU
		{8B9E2784-8339-475E-8C0D-D40C04E82B94}.Debug|Any CPU.ActiveCfg = Debug|Any CPU
		{8B9E2784-8339-475E-8C0D-D40C04E82B94}.Debug|Any CPU.Build.0 = Debug|Any CPU
		{8B9E2784-8339-475E-8C0D-D40C04E82B94}.Release|Any CPU.ActiveCfg = Release|Any CPU
		{8B9E2784-8339-475E-8C0D-D40C04E82B94}.Release|Any CPU.Build.0 = Release|Any CPU
		{5C7E4AD9-6196-467E-BCD0-1F221CAD6B2B}.Debug|Any CPU.ActiveCfg = Debug|Any CPU
		{5C7E4AD9-6196-467E-BCD0-1F221CAD6B2B}.Debug|Any CPU.Build.0 = Debug|Any CPU
		{5C7E4AD9-6196-467E-BCD0-1F221CAD6B2B}.Release|Any CPU.ActiveCfg = Release|Any CPU
		{5C7E4AD9-6196-467E-BCD0-1F221CAD6B2B}.Release|Any CPU.Build.0 = Release|Any CPU
		{3F412200-66B1-4846-BDA7-91E7C6A7DF61}.Debug|Any CPU.ActiveCfg = Debug|Any CPU
		{3F412200-66B1-4846-BDA7-91E7C6A7DF61}.Debug|Any CPU.Build.0 = Debug|Any CPU
		{3F412200-66B1-4846-BDA7-91E7C6A7DF61}.Release|Any CPU.ActiveCfg = Release|Any CPU
		{3F412200-66B1-4846-BDA7-91E7C6A7DF61}.Release|Any CPU.Build.0 = Release|Any CPU
		{9D4B7479-2CEB-496A-803D-C2C24458AA0A}.Debug|Any CPU.ActiveCfg = Debug|Any CPU
		{9D4B7479-2CEB-496A-803D-C2C24458AA0A}.Debug|Any CPU.Build.0 = Debug|Any CPU
		{9D4B7479-2CEB-496A-803D-C2C24458AA0A}.Release|Any CPU.ActiveCfg = Release|Any CPU
		{9D4B7479-2CEB-496A-803D-C2C24458AA0A}.Release|Any CPU.Build.0 = Release|Any CPU
		{2877EB66-F98C-426F-89E4-5BD39291F14A}.Debug|Any CPU.ActiveCfg = Debug|Any CPU
		{2877EB66-F98C-426F-89E4-5BD39291F14A}.Debug|Any CPU.Build.0 = Debug|Any CPU
		{2877EB66-F98C-426F-89E4-5BD39291F14A}.Release|Any CPU.ActiveCfg = Release|Any CPU
		{2877EB66-F98C-426F-89E4-5BD39291F14A}.Release|Any CPU.Build.0 = Release|Any CPU
		{CC1D303B-8D62-4B25-AA4C-DD8122F226BC}.Debug|Any CPU.ActiveCfg = Debug|Any CPU
		{CC1D303B-8D62-4B25-AA4C-DD8122F226BC}.Debug|Any CPU.Build.0 = Debug|Any CPU
		{CC1D303B-8D62-4B25-AA4C-DD8122F226BC}.Release|Any CPU.ActiveCfg = Release|Any CPU
		{CC1D303B-8D62-4B25-AA4C-DD8122F226BC}.Release|Any CPU.Build.0 = Release|Any CPU
	EndGlobalSection
	GlobalSection(SolutionProperties) = preSolution
		HideSolutionNode = FALSE
	EndGlobalSection
	GlobalSection(NestedProjects) = preSolution
		{CFBA0525-78DC-4DFD-8AA8-C9BDE09EAEA1} = {B8AACA2D-DF27-4A10-BF89-6CB9A594BEC1}
		{41EF5817-FE70-4591-8840-F35193621EA6} = {B8AACA2D-DF27-4A10-BF89-6CB9A594BEC1}
		{FB9D0B83-84C7-4EF7-9A48-C34DB4564AE9} = {B8AACA2D-DF27-4A10-BF89-6CB9A594BEC1}
		{5A57A83F-6456-4268-9C64-74D446D54A17} = {B8AACA2D-DF27-4A10-BF89-6CB9A594BEC1}
		{04F20493-BAD8-49BF-AD69-0B7587ECDBBE} = {B8AACA2D-DF27-4A10-BF89-6CB9A594BEC1}
		{BB81B1B7-EA42-4EEA-8565-C3613FD2965E} = {B8AACA2D-DF27-4A10-BF89-6CB9A594BEC1}
		{485340A6-9226-42D3-9573-DE66A3F5B316} = {B8AACA2D-DF27-4A10-BF89-6CB9A594BEC1}
		{AE54996E-EEC9-47CC-B234-4292165B4239} = {B8AACA2D-DF27-4A10-BF89-6CB9A594BEC1}
		{89A5711A-4AB5-4907-A708-78BEF25F9B56} = {B8AACA2D-DF27-4A10-BF89-6CB9A594BEC1}
		{006F23C1-3B81-42EC-864C-36446874E60A} = {B8AACA2D-DF27-4A10-BF89-6CB9A594BEC1}
		{8B9E2784-8339-475E-8C0D-D40C04E82B94} = {B8AACA2D-DF27-4A10-BF89-6CB9A594BEC1}
		{5C7E4AD9-6196-467E-BCD0-1F221CAD6B2B} = {B8AACA2D-DF27-4A10-BF89-6CB9A594BEC1}
	EndGlobalSection
	GlobalSection(ExtensibilityGlobals) = postSolution
		SolutionGuid = {61D15D57-B494-49CD-B6C9-45C4018C6F7A}
	EndGlobalSection
EndGlobal
